
Microsoft Visual Studio Solution File, Format Version 12.00
# Visual Studio 15
VisualStudioVersion = 15.0.28010.2016
MinimumVisualStudioVersion = 10.0.40219.1
Project("{FAE04EC0-301F-11D3-BF4B-00C04F79EFBC}") = "ConsoleApp9", "ConsoleApp9\ConsoleApp9.csproj", "{D7676290-F3DB-462B-A8A0-992AED7BAF96}"
EndProject
Global
	GlobalSection(SolutionConfigurationPlatforms) = preSolution
		Debug|Any CPU = Debug|Any CPU
		Release|Any CPU = Release|Any CPU
	EndGlobalSection
	GlobalSection(ProjectConfigurationPlatforms) = postSolution
		{D7676290-F3DB-462B-A8A0-992AED7BAF96}.Debug|Any CPU.ActiveCfg = Debug|Any CPU
		{D7676290-F3DB-462B-A8A0-992AED7BAF96}.Debug|Any CPU.Build.0 = Debug|Any CPU
		{D7676290-F3DB-462B-A8A0-992AED7BAF96}.Release|Any CPU.ActiveCfg = Release|Any CPU
		{D7676290-F3DB-462B-A8A0-992AED7BAF96}.Release|Any CPU.Build.0 = Release|Any CPU
	EndGlobalSection
	GlobalSection(SolutionProperties) = preSolution
		HideSolutionNode = FALSE
	EndGlobalSection
	GlobalSection(ExtensibilityGlobals) = postSolution
		SolutionGuid = {25C94B05-6D4D-46D8-A7EB-C984CD274247}
	EndGlobalSection
EndGlobal
